
Microsoft Visual Studio Solution File, Format Version 12.00
# Visual Studio 15
VisualStudioVersion = 15.0.27703.2042
MinimumVisualStudioVersion = 10.0.40219.1
Project("{9A19103F-16F7-4668-BE54-9A1E7A4F7556}") = "SpyderWeb", "SpyderWeb\SpyderWeb.csproj", "{4810B246-0E43-496F-B41C-53362F6B0FDA}"
EndProject
Project("{2150E333-8FDC-42A3-9474-1A3956D46DE8}") = "Configuration", "Configuration", "{FF9FFE6B-F422-4251-9CBF-89471D8DF01E}"
	ProjectSection(SolutionItems) = preProject
		config.example.json = config.example.json
		config.json = config.json
		emojis.json = emojis.json
		filter.json = filter.json
	EndProjectSection
EndProject
Project("{9A19103F-16F7-4668-BE54-9A1E7A4F7556}") = "SpyderWeb.EmojiTools", "SpyderWeb.EmojiTools\SpyderWeb.EmojiTools.csproj", "{08F9517C-65A9-44C7-832B-1A1F84533C78}"
EndProject
Project("{9A19103F-16F7-4668-BE54-9A1E7A4F7556}") = "SpyderWeb.Helpers", "SpyderWeb.Helpers\SpyderWeb.Helpers.csproj", "{DE0CA849-2423-4D5C-A157-4C2A52411BFB}"
EndProject
Project("{2150E333-8FDC-42A3-9474-1A3956D46DE8}") = "Solution Items", "Solution Items", "{8413DF31-A077-4D92-AEC8-40410C4EB5B3}"
	ProjectSection(SolutionItems) = preProject
		.gitignore = .gitignore
		Readme.md = Readme.md
	EndProjectSection
EndProject
Project("{9A19103F-16F7-4668-BE54-9A1E7A4F7556}") = "SpyderWeb.FacebookCore", "SpyderWeb.FacebookCore\SpyderWeb.FacebookCore.csproj", "{4E8E905F-8A11-4EA1-A1EE-1A87428A0916}"
EndProject
Project("{9A19103F-16F7-4668-BE54-9A1E7A4F7556}") = "SpyderWeb.Twitch", "SpyderWeb.Twitch\SpyderWeb.Twitch.csproj", "{6262AF79-C9AE-4E94-8BDE-6A9956EA3969}"
EndProject
Project("{2150E333-8FDC-42A3-9474-1A3956D46DE8}") = "9 - Application", "9 - Application", "{7D2A01FA-589A-47BC-86A4-8F4EC41C6EE2}"
EndProject
Project("{2150E333-8FDC-42A3-9474-1A3956D46DE8}") = "0 - Architecture", "0 - Architecture", "{CA2BF879-31EA-4725-AEB3-8DC0B984A409}"
EndProject
Project("{2150E333-8FDC-42A3-9474-1A3956D46DE8}") = "1 - Core", "1 - Core", "{47769C1C-6357-4C41-BB8B-5082509CDF36}"
EndProject
Project("{2150E333-8FDC-42A3-9474-1A3956D46DE8}") = "2 - Message Senders", "2 - Message Senders", "{FE176914-1D02-4A96-A55B-F30E03026437}"
EndProject
Project("{2150E333-8FDC-42A3-9474-1A3956D46DE8}") = "5 - Services", "5 - Services", "{381C5E75-2D57-43B6-8AAE-A42ED756537E}"
EndProject
Project("{9A19103F-16F7-4668-BE54-9A1E7A4F7556}") = "SpyderWeb.Discord", "SpyderWeb.TwitchBot\SpyderWeb.Discord.csproj", "{82A31DD3-2655-4A2C-B752-59D397FB8AB8}"
EndProject
Project("{9A19103F-16F7-4668-BE54-9A1E7A4F7556}") = "SpyderWeb.Configurations", "SpyderWeb.Configurations\SpyderWeb.Configurations.csproj", "{8269CDEE-4AF6-4186-8BD3-2D904E68E60D}"
EndProject
Project("{9A19103F-16F7-4668-BE54-9A1E7A4F7556}") = "SpyderWeb.DiscordMessageSender", "SpyderWeb.DiscordMessageSender\SpyderWeb.DiscordMessageSender.csproj", "{DA1A4A7A-16FD-47C8-8B72-F0A6F1874ABB}"
EndProject
Project("{9A19103F-16F7-4668-BE54-9A1E7A4F7556}") = "SpyderWeb.Database", "SpyderWeb.Database\SpyderWeb.Database.csproj", "{520D61CE-0CF6-43FD-A756-093EFABF2188}"
EndProject
Project("{9A19103F-16F7-4668-BE54-9A1E7A4F7556}") = "SpyderWeb.Models", "SpyderWeb.Models\SpyderWeb.Models.csproj", "{FDCF96F1-D43F-421B-868A-2AAB5FDC90E7}"
EndProject
Project("{FAE04EC0-301F-11D3-BF4B-00C04F79EFBC}") = "SpyderWeb.Overwatch", "SpyderWeb.Overwatch\SpyderWeb.Overwatch.csproj", "{9EE56847-88A0-4644-88BA-5EF9852DD3D0}"
EndProject
Project("{FAE04EC0-301F-11D3-BF4B-00C04F79EFBC}") = "SpyderWeb.Events", "SpyderWeb.Events\SpyderWeb.Events.csproj", "{9E67C970-26D3-4249-9355-86A424986A9F}"
EndProject
Global
	GlobalSection(SolutionConfigurationPlatforms) = preSolution
		Debug|Any CPU = Debug|Any CPU
		Release|Any CPU = Release|Any CPU
	EndGlobalSection
	GlobalSection(ProjectConfigurationPlatforms) = postSolution
		{4810B246-0E43-496F-B41C-53362F6B0FDA}.Debug|Any CPU.ActiveCfg = Debug|Any CPU
		{4810B246-0E43-496F-B41C-53362F6B0FDA}.Debug|Any CPU.Build.0 = Debug|Any CPU
		{4810B246-0E43-496F-B41C-53362F6B0FDA}.Release|Any CPU.ActiveCfg = Release|Any CPU
		{4810B246-0E43-496F-B41C-53362F6B0FDA}.Release|Any CPU.Build.0 = Release|Any CPU
		{08F9517C-65A9-44C7-832B-1A1F84533C78}.Debug|Any CPU.ActiveCfg = Debug|Any CPU
		{08F9517C-65A9-44C7-832B-1A1F84533C78}.Debug|Any CPU.Build.0 = Debug|Any CPU
		{08F9517C-65A9-44C7-832B-1A1F84533C78}.Release|Any CPU.ActiveCfg = Release|Any CPU
		{08F9517C-65A9-44C7-832B-1A1F84533C78}.Release|Any CPU.Build.0 = Release|Any CPU
		{DE0CA849-2423-4D5C-A157-4C2A52411BFB}.Debug|Any CPU.ActiveCfg = Debug|Any CPU
		{DE0CA849-2423-4D5C-A157-4C2A52411BFB}.Debug|Any CPU.Build.0 = Debug|Any CPU
		{DE0CA849-2423-4D5C-A157-4C2A52411BFB}.Release|Any CPU.ActiveCfg = Release|Any CPU
		{DE0CA849-2423-4D5C-A157-4C2A52411BFB}.Release|Any CPU.Build.0 = Release|Any CPU
		{4E8E905F-8A11-4EA1-A1EE-1A87428A0916}.Debug|Any CPU.ActiveCfg = Debug|Any CPU
		{4E8E905F-8A11-4EA1-A1EE-1A87428A0916}.Debug|Any CPU.Build.0 = Debug|Any CPU
		{4E8E905F-8A11-4EA1-A1EE-1A87428A0916}.Release|Any CPU.ActiveCfg = Release|Any CPU
		{4E8E905F-8A11-4EA1-A1EE-1A87428A0916}.Release|Any CPU.Build.0 = Release|Any CPU
		{6262AF79-C9AE-4E94-8BDE-6A9956EA3969}.Debug|Any CPU.ActiveCfg = Debug|Any CPU
		{6262AF79-C9AE-4E94-8BDE-6A9956EA3969}.Debug|Any CPU.Build.0 = Debug|Any CPU
		{6262AF79-C9AE-4E94-8BDE-6A9956EA3969}.Release|Any CPU.ActiveCfg = Release|Any CPU
		{6262AF79-C9AE-4E94-8BDE-6A9956EA3969}.Release|Any CPU.Build.0 = Release|Any CPU
		{82A31DD3-2655-4A2C-B752-59D397FB8AB8}.Debug|Any CPU.ActiveCfg = Debug|Any CPU
		{82A31DD3-2655-4A2C-B752-59D397FB8AB8}.Debug|Any CPU.Build.0 = Debug|Any CPU
		{82A31DD3-2655-4A2C-B752-59D397FB8AB8}.Release|Any CPU.ActiveCfg = Release|Any CPU
		{82A31DD3-2655-4A2C-B752-59D397FB8AB8}.Release|Any CPU.Build.0 = Release|Any CPU
		{8269CDEE-4AF6-4186-8BD3-2D904E68E60D}.Debug|Any CPU.ActiveCfg = Debug|Any CPU
		{8269CDEE-4AF6-4186-8BD3-2D904E68E60D}.Debug|Any CPU.Build.0 = Debug|Any CPU
		{8269CDEE-4AF6-4186-8BD3-2D904E68E60D}.Release|Any CPU.ActiveCfg = Release|Any CPU
		{8269CDEE-4AF6-4186-8BD3-2D904E68E60D}.Release|Any CPU.Build.0 = Release|Any CPU
		{DA1A4A7A-16FD-47C8-8B72-F0A6F1874ABB}.Debug|Any CPU.ActiveCfg = Debug|Any CPU
		{DA1A4A7A-16FD-47C8-8B72-F0A6F1874ABB}.Debug|Any CPU.Build.0 = Debug|Any CPU
		{DA1A4A7A-16FD-47C8-8B72-F0A6F1874ABB}.Release|Any CPU.ActiveCfg = Release|Any CPU
		{DA1A4A7A-16FD-47C8-8B72-F0A6F1874ABB}.Release|Any CPU.Build.0 = Release|Any CPU
		{520D61CE-0CF6-43FD-A756-093EFABF2188}.Debug|Any CPU.ActiveCfg = Debug|Any CPU
		{520D61CE-0CF6-43FD-A756-093EFABF2188}.Debug|Any CPU.Build.0 = Debug|Any CPU
		{520D61CE-0CF6-43FD-A756-093EFABF2188}.Release|Any CPU.ActiveCfg = Release|Any CPU
		{520D61CE-0CF6-43FD-A756-093EFABF2188}.Release|Any CPU.Build.0 = Release|Any CPU
		{FDCF96F1-D43F-421B-868A-2AAB5FDC90E7}.Debug|Any CPU.ActiveCfg = Debug|Any CPU
		{FDCF96F1-D43F-421B-868A-2AAB5FDC90E7}.Debug|Any CPU.Build.0 = Debug|Any CPU
		{FDCF96F1-D43F-421B-868A-2AAB5FDC90E7}.Release|Any CPU.ActiveCfg = Release|Any CPU
		{FDCF96F1-D43F-421B-868A-2AAB5FDC90E7}.Release|Any CPU.Build.0 = Release|Any CPU
		{9EE56847-88A0-4644-88BA-5EF9852DD3D0}.Debug|Any CPU.ActiveCfg = Debug|Any CPU
		{9EE56847-88A0-4644-88BA-5EF9852DD3D0}.Debug|Any CPU.Build.0 = Debug|Any CPU
		{9EE56847-88A0-4644-88BA-5EF9852DD3D0}.Release|Any CPU.ActiveCfg = Release|Any CPU
		{9EE56847-88A0-4644-88BA-5EF9852DD3D0}.Release|Any CPU.Build.0 = Release|Any CPU
		{9E67C970-26D3-4249-9355-86A424986A9F}.Debug|Any CPU.ActiveCfg = Debug|Any CPU
		{9E67C970-26D3-4249-9355-86A424986A9F}.Debug|Any CPU.Build.0 = Debug|Any CPU
		{9E67C970-26D3-4249-9355-86A424986A9F}.Release|Any CPU.ActiveCfg = Release|Any CPU
		{9E67C970-26D3-4249-9355-86A424986A9F}.Release|Any CPU.Build.0 = Release|Any CPU
	EndGlobalSection
	GlobalSection(SolutionProperties) = preSolution
		HideSolutionNode = FALSE
	EndGlobalSection
	GlobalSection(NestedProjects) = preSolution
		{4810B246-0E43-496F-B41C-53362F6B0FDA} = {7D2A01FA-589A-47BC-86A4-8F4EC41C6EE2}
		{FF9FFE6B-F422-4251-9CBF-89471D8DF01E} = {CA2BF879-31EA-4725-AEB3-8DC0B984A409}
		{08F9517C-65A9-44C7-832B-1A1F84533C78} = {47769C1C-6357-4C41-BB8B-5082509CDF36}
		{DE0CA849-2423-4D5C-A157-4C2A52411BFB} = {47769C1C-6357-4C41-BB8B-5082509CDF36}
		{8413DF31-A077-4D92-AEC8-40410C4EB5B3} = {CA2BF879-31EA-4725-AEB3-8DC0B984A409}
		{4E8E905F-8A11-4EA1-A1EE-1A87428A0916} = {381C5E75-2D57-43B6-8AAE-A42ED756537E}
		{6262AF79-C9AE-4E94-8BDE-6A9956EA3969} = {381C5E75-2D57-43B6-8AAE-A42ED756537E}
		{82A31DD3-2655-4A2C-B752-59D397FB8AB8} = {381C5E75-2D57-43B6-8AAE-A42ED756537E}
		{8269CDEE-4AF6-4186-8BD3-2D904E68E60D} = {47769C1C-6357-4C41-BB8B-5082509CDF36}
		{DA1A4A7A-16FD-47C8-8B72-F0A6F1874ABB} = {FE176914-1D02-4A96-A55B-F30E03026437}
		{520D61CE-0CF6-43FD-A756-093EFABF2188} = {381C5E75-2D57-43B6-8AAE-A42ED756537E}
		{FDCF96F1-D43F-421B-868A-2AAB5FDC90E7} = {47769C1C-6357-4C41-BB8B-5082509CDF36}
		{9EE56847-88A0-4644-88BA-5EF9852DD3D0} = {381C5E75-2D57-43B6-8AAE-A42ED756537E}
		{9E67C970-26D3-4249-9355-86A424986A9F} = {47769C1C-6357-4C41-BB8B-5082509CDF36}
	EndGlobalSection
	GlobalSection(ExtensibilityGlobals) = postSolution
		SolutionGuid = {D39DA540-A5C7-4849-9835-1005FE2F1FE1}
	EndGlobalSection
EndGlobal
